<?xml version="1.0" encoding="utf-8"?>
<Project ToolsVersion="4.0" xmlns="http://schemas.microsoft.com/developer/msbuild/2003">
  <ItemGroup>
    <Filter Include="源文件">
      <UniqueIdentifier>{4FC737F1-C7A5-4376-A066-2A32D752A2FF}</UniqueIdentifier>
      <Extensions>cpp;c;cc;cxx;c++;cppm;ixx;def;odl;idl;hpj;bat;asm;asmx</Extensions>
    </Filter>
    <Filter Include="头文件">
      <UniqueIdentifier>{93995380-89BD-4b04-88EB-625FBE52EBFB}</UniqueIdentifier>
      <Extensions>h;hh;hpp;hxx;h++;hm;inl;inc;ipp;xsd</Extensions>
    </Filter>
    <Filter Include="资源文件">
      <UniqueIdentifier>{67DA6AB6-F800-4c08-8B7A-83BB121AAD01}</UniqueIdentifier>
      <Extensions>rc;ico;cur;bmp;dlg;rc2;rct;bin;rgs;gif;jpg;jpeg;jpe;resx;tiff;tif;png;wav;mfcribbon-ms</Extensions>
    </Filter>
    <Filter Include="资源文件\chapter00">
      <UniqueIdentifier>{76d5e8f9-2b1b-4d24-8ebd-a67a338d762d}</UniqueIdentifier>
    </Filter>
    <Filter Include="资源文件\chapter01">
      <UniqueIdentifier>{47db9eb2-1375-4e9d-ba0a-4af7fda03384}</UniqueIdentifier>
    </Filter>
    <Filter Include="资源文件\chapter02">
      <UniqueIdentifier>{355e0dc4-b9a8-4e3b-ae54-40c4a68b9b55}</UniqueIdentifier>
    </Filter>
  </ItemGroup>
  <ItemGroup>
    <ClCompile Include="HelloWorld.cpp">
      <Filter>源文件</Filter>
    </ClCompile>
    <ClCompile Include="chapter01\1.1_TensorInitialization.cpp">
      <Filter>资源文件\chapter01</Filter>
    </ClCompile>
    <ClCompile Include="chapter00\Jx_Notes.cpp">
      <Filter>资源文件\chapter00</Filter>
    </ClCompile>
    <ClCompile Include="chapter01\1.2_TensorReshape.cpp">
      <Filter>资源文件\chapter01</Filter>
    </ClCompile>
    <ClCompile Include="chapter01\1.3_SlicingOperation.cpp">
      <Filter>资源文件\chapter01</Filter>
    </ClCompile>
    <ClCompile Include="chapter01\1.4_Merge.cpp">
      <Filter>资源文件\chapter01</Filter>
    </ClCompile>
    <ClCompile Include="chapter02\grad.cpp">
      <Filter>资源文件\chapter02</Filter>
    </ClCompile>
    <ClCompile Include="chapter02\2.1_BasicCaculation.cpp">
      <Filter>资源文件\chapter02</Filter>
    </ClCompile>
    <ClCompile Include="chapter02\2.2_LinearAlgebra.cpp">
      <Filter>资源文件\chapter02</Filter>
    </ClCompile>
    <ClCompile Include="chapter02\2.3_Statistical.cpp">
      <Filter>资源文件\chapter02</Filter>
    </ClCompile>
    <ClCompile Include="chapter01\1.5_DataTransformation.cpp">
      <Filter>资源文件\chapter01</Filter>
    </ClCompile>
    <ClCompile Include="chapter00\0.1_TensorInfo.cpp">
      <Filter>资源文件\chapter00</Filter>
    </ClCompile>
  </ItemGroup>
  <ItemGroup>
    <ClInclude Include="Jx_Head.h">
      <Filter>头文件</Filter>
    </ClInclude>
  </ItemGroup>
</Project>